
Microsoft Visual Studio Solution File, Format Version 12.00
# Visual Studio 15
VisualStudioVersion = 15.0.28307.1622
MinimumVisualStudioVersion = 10.0.40219.1
Project("{FAE04EC0-301F-11D3-BF4B-00C04F79EFBC}") = "WindowsFormsApp5", "WindowsFormsApp5\WindowsFormsApp5.csproj", "{EB5A91E5-3A8D-4DC5-A476-98988E78C7C1}"
EndProject
Global
	GlobalSection(SolutionConfigurationPlatforms) = preSolution
		Debug|Any CPU = Debug|Any CPU
		Release|Any CPU = Release|Any CPU
	EndGlobalSection
	GlobalSection(ProjectConfigurationPlatforms) = postSolution
		{EB5A91E5-3A8D-4DC5-A476-98988E78C7C1}.Debug|Any CPU.ActiveCfg = Debug|Any CPU
		{EB5A91E5-3A8D-4DC5-A476-98988E78C7C1}.Debug|Any CPU.Build.0 = Debug|Any CPU
		{EB5A91E5-3A8D-4DC5-A476-98988E78C7C1}.Release|Any CPU.ActiveCfg = Release|Any CPU
		{EB5A91E5-3A8D-4DC5-A476-98988E78C7C1}.Release|Any CPU.Build.0 = Release|Any CPU
	EndGlobalSection
	GlobalSection(SolutionProperties) = preSolution
		HideSolutionNode = FALSE
	EndGlobalSection
	GlobalSection(ExtensibilityGlobals) = postSolution
		SolutionGuid = {238BA24D-404F-493A-A23E-58B4C08F5AB0}
	EndGlobalSection
EndGlobal
